// !$*UTF8*$!
{
	archiveVersion = 1;
	classes = {
	};
	objectVersion = 51;
	objects = {

/* Begin PBXBuildFile section */
		682B3A7A8095C56D77D53592 /* Pods_ImageLoaderDemoTests.framework in Frameworks */ = {isa = PBXBuildFile; fileRef = 74F89EB8835B8D6CBFF0D07A /* Pods_ImageLoaderDemoTests.framework */; };
		8AE1BB6F23C0D2E300B626AD /* AppDelegate.swift in Sources */ = {isa = PBXBuildFile; fileRef = 8AE1BB6E23C0D2E300B626AD /* AppDelegate.swift */; };
		8AE1BB7123C0D2E300B626AD /* SceneDelegate.swift in Sources */ = {isa = PBXBuildFile; fileRef = 8AE1BB7023C0D2E300B626AD /* SceneDelegate.swift */; };
		8AE1BB7323C0D2E300B626AD /* ImageLoaderViewController.swift in Sources */ = {isa = PBXBuildFile; fileRef = 8AE1BB7223C0D2E300B626AD /* ImageLoaderViewController.swift */; };
		8AE1BB7623C0D2E300B626AD /* Main.storyboard in Resources */ = {isa = PBXBuildFile; fileRef = 8AE1BB7423C0D2E300B626AD /* Main.storyboard */; };
		8AE1BB7923C0D2E300B626AD /* ImageLoaderDemo.xcdatamodeld in Sources */ = {isa = PBXBuildFile; fileRef = 8AE1BB7723C0D2E300B626AD /* ImageLoaderDemo.xcdatamodeld */; };
		8AE1BB7B23C0D2E600B626AD /* Assets.xcassets in Resources */ = {isa = PBXBuildFile; fileRef = 8AE1BB7A23C0D2E600B626AD /* Assets.xcassets */; };
		8AE1BB7E23C0D2E600B626AD /* LaunchScreen.storyboard in Resources */ = {isa = PBXBuildFile; fileRef = 8AE1BB7C23C0D2E600B626AD /* LaunchScreen.storyboard */; };
		8AE1BB8923C0D2E600B626AD /* ImageLoaderDemoTests.swift in Sources */ = {isa = PBXBuildFile; fileRef = 8AE1BB8823C0D2E600B626AD /* ImageLoaderDemoTests.swift */; };
		8AE1BB9423C0D2E600B626AD /* ImageLoaderDemoUITests.swift in Sources */ = {isa = PBXBuildFile; fileRef = 8AE1BB9323C0D2E600B626AD /* ImageLoaderDemoUITests.swift */; };
		8AE1BBA623C0D54100B626AD /* ImageLoaderPresenter.swift in Sources */ = {isa = PBXBuildFile; fileRef = 8AE1BBA523C0D54100B626AD /* ImageLoaderPresenter.swift */; };
		8AE1BBA823C0D6F500B626AD /* ImageLoaderNetworkRequest.swift in Sources */ = {isa = PBXBuildFile; fileRef = 8AE1BBA723C0D6F500B626AD /* ImageLoaderNetworkRequest.swift */; };
		8AE1BBAA23C0D71B00B626AD /* ImageLoaderModel.swift in Sources */ = {isa = PBXBuildFile; fileRef = 8AE1BBA923C0D71B00B626AD /* ImageLoaderModel.swift */; };
		8AE1BBB923C0DCA700B626AD /* ImageLoaderSDK.framework in Frameworks */ = {isa = PBXBuildFile; fileRef = 8AE1BBB023C0DCA600B626AD /* ImageLoaderSDK.framework */; };
		8AE1BBC023C0DCA800B626AD /* ImageLoaderSDKTests.swift in Sources */ = {isa = PBXBuildFile; fileRef = 8AE1BBBF23C0DCA800B626AD /* ImageLoaderSDKTests.swift */; };
		8AE1BBC223C0DCA800B626AD /* ImageLoaderSDK.h in Headers */ = {isa = PBXBuildFile; fileRef = 8AE1BBB223C0DCA700B626AD /* ImageLoaderSDK.h */; settings = {ATTRIBUTES = (Public, ); }; };
		8AE1BBC523C0DCA800B626AD /* ImageLoaderSDK.framework in Frameworks */ = {isa = PBXBuildFile; fileRef = 8AE1BBB023C0DCA600B626AD /* ImageLoaderSDK.framework */; };
		8AE1BBC623C0DCA800B626AD /* ImageLoaderSDK.framework in Embed Frameworks */ = {isa = PBXBuildFile; fileRef = 8AE1BBB023C0DCA600B626AD /* ImageLoaderSDK.framework */; settings = {ATTRIBUTES = (CodeSignOnCopy, RemoveHeadersOnCopy, ); }; };
		8AE1BBCF23C0DCD000B626AD /* ImageLoaderSDK.swift in Sources */ = {isa = PBXBuildFile; fileRef = 8AE1BBCE23C0DCD000B626AD /* ImageLoaderSDK.swift */; };
		AE1A3FFCD4F9F94C231FE89B /* Pods_ImageLoaderDemo_ImageLoaderDemoUITests.framework in Frameworks */ = {isa = PBXBuildFile; fileRef = 654BCA122203913DACD4B4B7 /* Pods_ImageLoaderDemo_ImageLoaderDemoUITests.framework */; };
		F1BF53393E638F69BE0C9045 /* Pods_ImageLoaderDemo.framework in Frameworks */ = {isa = PBXBuildFile; fileRef = A1CCC4A55BBB2D2506F03963 /* Pods_ImageLoaderDemo.framework */; };
/* End PBXBuildFile section */

/* Begin PBXContainerItemProxy section */
		8AE1BB8523C0D2E600B626AD /* PBXContainerItemProxy */ = {
			isa = PBXContainerItemProxy;
			containerPortal = 8AE1BB6323C0D2E300B626AD /* Project object */;
			proxyType = 1;
			remoteGlobalIDString = 8AE1BB6A23C0D2E300B626AD;
			remoteInfo = ImageLoaderDemo;
		};
		8AE1BB9023C0D2E600B626AD /* PBXContainerItemProxy */ = {
			isa = PBXContainerItemProxy;
			containerPortal = 8AE1BB6323C0D2E300B626AD /* Project object */;
			proxyType = 1;
			remoteGlobalIDString = 8AE1BB6A23C0D2E300B626AD;
			remoteInfo = ImageLoaderDemo;
		};
		8AE1BBBA23C0DCA700B626AD /* PBXContainerItemProxy */ = {
			isa = PBXContainerItemProxy;
			containerPortal = 8AE1BB6323C0D2E300B626AD /* Project object */;
			proxyType = 1;
			remoteGlobalIDString = 8AE1BBAF23C0DCA600B626AD;
			remoteInfo = ImageLoaderSDK;
		};
		8AE1BBBC23C0DCA700B626AD /* PBXContainerItemProxy */ = {
			isa = PBXContainerItemProxy;
			containerPortal = 8AE1BB6323C0D2E300B626AD /* Project object */;
			proxyType = 1;
			remoteGlobalIDString = 8AE1BB6A23C0D2E300B626AD;
			remoteInfo = ImageLoaderDemo;
		};
		8AE1BBC323C0DCA800B626AD /* PBXContainerItemProxy */ = {
			isa = PBXContainerItemProxy;
			containerPortal = 8AE1BB6323C0D2E300B626AD /* Project object */;
			proxyType = 1;
			remoteGlobalIDString = 8AE1BBAF23C0DCA600B626AD;
			remoteInfo = ImageLoaderSDK;
		};
/* End PBXContainerItemProxy section */

/* Begin PBXCopyFilesBuildPhase section */
		8AE1BBC723C0DCA800B626AD /* Embed Frameworks */ = {
			isa = PBXCopyFilesBuildPhase;
			buildActionMask = 2147483647;
			dstPath = "";
			dstSubfolderSpec = 10;
			files = (
				8AE1BBC623C0DCA800B626AD /* ImageLoaderSDK.framework in Embed Frameworks */,
			);
			name = "Embed Frameworks";
			runOnlyForDeploymentPostprocessing = 0;
		};
/* End PBXCopyFilesBuildPhase section */

/* Begin PBXFileReference section */
		288F253016F185243538EA0C /* Pods-ImageLoaderDemo-ImageLoaderDemoUITests.release.xcconfig */ = {isa = PBXFileReference; includeInIndex = 1; lastKnownFileType = text.xcconfig; name = "Pods-ImageLoaderDemo-ImageLoaderDemoUITests.release.xcconfig"; path = "Target Support Files/Pods-ImageLoaderDemo-ImageLoaderDemoUITests/Pods-ImageLoaderDemo-ImageLoaderDemoUITests.release.xcconfig"; sourceTree = "<group>"; };
		2BCAA7EE715A5162B7B2BA35 /* Pods-ImageLoaderDemo-ImageLoaderDemoUITests.debug.xcconfig */ = {isa = PBXFileReference; includeInIndex = 1; lastKnownFileType = text.xcconfig; name = "Pods-ImageLoaderDemo-ImageLoaderDemoUITests.debug.xcconfig"; path = "Target Support Files/Pods-ImageLoaderDemo-ImageLoaderDemoUITests/Pods-ImageLoaderDemo-ImageLoaderDemoUITests.debug.xcconfig"; sourceTree = "<group>"; };
		2FF4C9E38854B210B6F0EE82 /* Pods-ImageLoaderDemo.debug.xcconfig */ = {isa = PBXFileReference; includeInIndex = 1; lastKnownFileType = text.xcconfig; name = "Pods-ImageLoaderDemo.debug.xcconfig"; path = "Target Support Files/Pods-ImageLoaderDemo/Pods-ImageLoaderDemo.debug.xcconfig"; sourceTree = "<group>"; };
		654BCA122203913DACD4B4B7 /* Pods_ImageLoaderDemo_ImageLoaderDemoUITests.framework */ = {isa = PBXFileReference; explicitFileType = wrapper.framework; includeInIndex = 0; path = Pods_ImageLoaderDemo_ImageLoaderDemoUITests.framework; sourceTree = BUILT_PRODUCTS_DIR; };
		74F89EB8835B8D6CBFF0D07A /* Pods_ImageLoaderDemoTests.framework */ = {isa = PBXFileReference; explicitFileType = wrapper.framework; includeInIndex = 0; path = Pods_ImageLoaderDemoTests.framework; sourceTree = BUILT_PRODUCTS_DIR; };
		88E646BCE2639743FCA08467 /* Pods-ImageLoaderDemoTests.debug.xcconfig */ = {isa = PBXFileReference; includeInIndex = 1; lastKnownFileType = text.xcconfig; name = "Pods-ImageLoaderDemoTests.debug.xcconfig"; path = "Target Support Files/Pods-ImageLoaderDemoTests/Pods-ImageLoaderDemoTests.debug.xcconfig"; sourceTree = "<group>"; };
		8AE1BB6B23C0D2E300B626AD /* ImageLoaderDemo.app */ = {isa = PBXFileReference; explicitFileType = wrapper.application; includeInIndex = 0; path = ImageLoaderDemo.app; sourceTree = BUILT_PRODUCTS_DIR; };
		8AE1BB6E23C0D2E300B626AD /* AppDelegate.swift */ = {isa = PBXFileReference; lastKnownFileType = sourcecode.swift; path = AppDelegate.swift; sourceTree = "<group>"; };
		8AE1BB7023C0D2E300B626AD /* SceneDelegate.swift */ = {isa = PBXFileReference; lastKnownFileType = sourcecode.swift; path = SceneDelegate.swift; sourceTree = "<group>"; };
		8AE1BB7223C0D2E300B626AD /* ImageLoaderViewController.swift */ = {isa = PBXFileReference; lastKnownFileType = sourcecode.swift; path = ImageLoaderViewController.swift; sourceTree = "<group>"; };
		8AE1BB7523C0D2E300B626AD /* Base */ = {isa = PBXFileReference; lastKnownFileType = file.storyboard; name = Base; path = Base.lproj/Main.storyboard; sourceTree = "<group>"; };
		8AE1BB7823C0D2E300B626AD /* ImageLoaderDemo.xcdatamodel */ = {isa = PBXFileReference; lastKnownFileType = wrapper.xcdatamodel; path = ImageLoaderDemo.xcdatamodel; sourceTree = "<group>"; };
		8AE1BB7A23C0D2E600B626AD /* Assets.xcassets */ = {isa = PBXFileReference; lastKnownFileType = folder.assetcatalog; path = Assets.xcassets; sourceTree = "<group>"; };
		8AE1BB7D23C0D2E600B626AD /* Base */ = {isa = PBXFileReference; lastKnownFileType = file.storyboard; name = Base; path = Base.lproj/LaunchScreen.storyboard; sourceTree = "<group>"; };
		8AE1BB7F23C0D2E600B626AD /* Info.plist */ = {isa = PBXFileReference; lastKnownFileType = text.plist.xml; path = Info.plist; sourceTree = "<group>"; };
		8AE1BB8423C0D2E600B626AD /* ImageLoaderDemoTests.xctest */ = {isa = PBXFileReference; explicitFileType = wrapper.cfbundle; includeInIndex = 0; path = ImageLoaderDemoTests.xctest; sourceTree = BUILT_PRODUCTS_DIR; };
		8AE1BB8823C0D2E600B626AD /* ImageLoaderDemoTests.swift */ = {isa = PBXFileReference; lastKnownFileType = sourcecode.swift; path = ImageLoaderDemoTests.swift; sourceTree = "<group>"; };
		8AE1BB8A23C0D2E600B626AD /* Info.plist */ = {isa = PBXFileReference; lastKnownFileType = text.plist.xml; path = Info.plist; sourceTree = "<group>"; };
		8AE1BB8F23C0D2E600B626AD /* ImageLoaderDemoUITests.xctest */ = {isa = PBXFileReference; explicitFileType = wrapper.cfbundle; includeInIndex = 0; path = ImageLoaderDemoUITests.xctest; sourceTree = BUILT_PRODUCTS_DIR; };
		8AE1BB9323C0D2E600B626AD /* ImageLoaderDemoUITests.swift */ = {isa = PBXFileReference; lastKnownFileType = sourcecode.swift; path = ImageLoaderDemoUITests.swift; sourceTree = "<group>"; };
		8AE1BB9523C0D2E600B626AD /* Info.plist */ = {isa = PBXFileReference; lastKnownFileType = text.plist.xml; path = Info.plist; sourceTree = "<group>"; };
		8AE1BBA523C0D54100B626AD /* ImageLoaderPresenter.swift */ = {isa = PBXFileReference; lastKnownFileType = sourcecode.swift; path = ImageLoaderPresenter.swift; sourceTree = "<group>"; };
		8AE1BBA723C0D6F500B626AD /* ImageLoaderNetworkRequest.swift */ = {isa = PBXFileReference; lastKnownFileType = sourcecode.swift; path = ImageLoaderNetworkRequest.swift; sourceTree = "<group>"; };
		8AE1BBA923C0D71B00B626AD /* ImageLoaderModel.swift */ = {isa = PBXFileReference; lastKnownFileType = sourcecode.swift; path = ImageLoaderModel.swift; sourceTree = "<group>"; };
		8AE1BBB023C0DCA600B626AD /* ImageLoaderSDK.framework */ = {isa = PBXFileReference; explicitFileType = wrapper.framework; includeInIndex = 0; path = ImageLoaderSDK.framework; sourceTree = BUILT_PRODUCTS_DIR; };
		8AE1BBB223C0DCA700B626AD /* ImageLoaderSDK.h */ = {isa = PBXFileReference; lastKnownFileType = sourcecode.c.h; path = ImageLoaderSDK.h; sourceTree = "<group>"; };
		8AE1BBB323C0DCA700B626AD /* Info.plist */ = {isa = PBXFileReference; lastKnownFileType = text.plist.xml; path = Info.plist; sourceTree = "<group>"; };
		8AE1BBB823C0DCA700B626AD /* ImageLoaderSDKTests.xctest */ = {isa = PBXFileReference; explicitFileType = wrapper.cfbundle; includeInIndex = 0; path = ImageLoaderSDKTests.xctest; sourceTree = BUILT_PRODUCTS_DIR; };
		8AE1BBBF23C0DCA800B626AD /* ImageLoaderSDKTests.swift */ = {isa = PBXFileReference; lastKnownFileType = sourcecode.swift; path = ImageLoaderSDKTests.swift; sourceTree = "<group>"; };
		8AE1BBC123C0DCA800B626AD /* Info.plist */ = {isa = PBXFileReference; lastKnownFileType = text.plist.xml; path = Info.plist; sourceTree = "<group>"; };
		8AE1BBCE23C0DCD000B626AD /* ImageLoaderSDK.swift */ = {isa = PBXFileReference; lastKnownFileType = sourcecode.swift; path = ImageLoaderSDK.swift; sourceTree = "<group>"; };
		A1CCC4A55BBB2D2506F03963 /* Pods_ImageLoaderDemo.framework */ = {isa = PBXFileReference; explicitFileType = wrapper.framework; includeInIndex = 0; path = Pods_ImageLoaderDemo.framework; sourceTree = BUILT_PRODUCTS_DIR; };
		BF4A0612030B40CAF45D3912 /* Pods-ImageLoaderDemo.release.xcconfig */ = {isa = PBXFileReference; includeInIndex = 1; lastKnownFileType = text.xcconfig; name = "Pods-ImageLoaderDemo.release.xcconfig"; path = "Target Support Files/Pods-ImageLoaderDemo/Pods-ImageLoaderDemo.release.xcconfig"; sourceTree = "<group>"; };
		D01352562FDE0F2D2EDD36B6 /* Pods-ImageLoaderDemoTests.release.xcconfig */ = {isa = PBXFileReference; includeInIndex = 1; lastKnownFileType = text.xcconfig; name = "Pods-ImageLoaderDemoTests.release.xcconfig"; path = "Target Support Files/Pods-ImageLoaderDemoTests/Pods-ImageLoaderDemoTests.release.xcconfig"; sourceTree = "<group>"; };
/* End PBXFileReference section */

/* Begin PBXFrameworksBuildPhase section */
		8AE1BB6823C0D2E300B626AD /* Frameworks */ = {
			isa = PBXFrameworksBuildPhase;
			buildActionMask = 2147483647;
			files = (
				8AE1BBC523C0DCA800B626AD /* ImageLoaderSDK.framework in Frameworks */,
				F1BF53393E638F69BE0C9045 /* Pods_ImageLoaderDemo.framework in Frameworks */,
			);
			runOnlyForDeploymentPostprocessing = 0;
		};
		8AE1BB8123C0D2E600B626AD /* Frameworks */ = {
			isa = PBXFrameworksBuildPhase;
			buildActionMask = 2147483647;
			files = (
				682B3A7A8095C56D77D53592 /* Pods_ImageLoaderDemoTests.framework in Frameworks */,
			);
			runOnlyForDeploymentPostprocessing = 0;
		};
		8AE1BB8C23C0D2E600B626AD /* Frameworks */ = {
			isa = PBXFrameworksBuildPhase;
			buildActionMask = 2147483647;
			files = (
				AE1A3FFCD4F9F94C231FE89B /* Pods_ImageLoaderDemo_ImageLoaderDemoUITests.framework in Frameworks */,
			);
			runOnlyForDeploymentPostprocessing = 0;
		};
		8AE1BBAD23C0DCA600B626AD /* Frameworks */ = {
			isa = PBXFrameworksBuildPhase;
			buildActionMask = 2147483647;
			files = (
			);
			runOnlyForDeploymentPostprocessing = 0;
		};
		8AE1BBB523C0DCA700B626AD /* Frameworks */ = {
			isa = PBXFrameworksBuildPhase;
			buildActionMask = 2147483647;
			files = (
				8AE1BBB923C0DCA700B626AD /* ImageLoaderSDK.framework in Frameworks */,
			);
			runOnlyForDeploymentPostprocessing = 0;
		};
/* End PBXFrameworksBuildPhase section */

/* Begin PBXGroup section */
		6F1250DE1FE711796EAEDA60 /* Pods */ = {
			isa = PBXGroup;
			children = (
				2FF4C9E38854B210B6F0EE82 /* Pods-ImageLoaderDemo.debug.xcconfig */,
				BF4A0612030B40CAF45D3912 /* Pods-ImageLoaderDemo.release.xcconfig */,
				2BCAA7EE715A5162B7B2BA35 /* Pods-ImageLoaderDemo-ImageLoaderDemoUITests.debug.xcconfig */,
				288F253016F185243538EA0C /* Pods-ImageLoaderDemo-ImageLoaderDemoUITests.release.xcconfig */,
				88E646BCE2639743FCA08467 /* Pods-ImageLoaderDemoTests.debug.xcconfig */,
				D01352562FDE0F2D2EDD36B6 /* Pods-ImageLoaderDemoTests.release.xcconfig */,
			);
			path = Pods;
			sourceTree = "<group>";
		};
		8AE1BB6223C0D2E300B626AD = {
			isa = PBXGroup;
			children = (
				8AE1BB6D23C0D2E300B626AD /* ImageLoaderDemo */,
				8AE1BB8723C0D2E600B626AD /* ImageLoaderDemoTests */,
				8AE1BB9223C0D2E600B626AD /* ImageLoaderDemoUITests */,
				8AE1BBB123C0DCA700B626AD /* ImageLoaderSDK */,
				8AE1BBBE23C0DCA700B626AD /* ImageLoaderSDKTests */,
				8AE1BB6C23C0D2E300B626AD /* Products */,
				6F1250DE1FE711796EAEDA60 /* Pods */,
				D56C864EC730D19D6D24B9B4 /* Frameworks */,
			);
			sourceTree = "<group>";
		};
		8AE1BB6C23C0D2E300B626AD /* Products */ = {
			isa = PBXGroup;
			children = (
				8AE1BB6B23C0D2E300B626AD /* ImageLoaderDemo.app */,
				8AE1BB8423C0D2E600B626AD /* ImageLoaderDemoTests.xctest */,
				8AE1BB8F23C0D2E600B626AD /* ImageLoaderDemoUITests.xctest */,
				8AE1BBB023C0DCA600B626AD /* ImageLoaderSDK.framework */,
				8AE1BBB823C0DCA700B626AD /* ImageLoaderSDKTests.xctest */,
			);
			name = Products;
			sourceTree = "<group>";
		};
		8AE1BB6D23C0D2E300B626AD /* ImageLoaderDemo */ = {
			isa = PBXGroup;
			children = (
				8AE1BBA423C0D4EE00B626AD /* Network */,
				8AE1BBA323C0D37700B626AD /* Presenter */,
				8AE1BBA223C0D36700B626AD /* ViewController */,
				8AE1BBA123C0D35C00B626AD /* Model */,
				8AE1BB6E23C0D2E300B626AD /* AppDelegate.swift */,
				8AE1BB7023C0D2E300B626AD /* SceneDelegate.swift */,
				8AE1BB7423C0D2E300B626AD /* Main.storyboard */,
				8AE1BB7A23C0D2E600B626AD /* Assets.xcassets */,
				8AE1BB7C23C0D2E600B626AD /* LaunchScreen.storyboard */,
				8AE1BB7F23C0D2E600B626AD /* Info.plist */,
				8AE1BB7723C0D2E300B626AD /* ImageLoaderDemo.xcdatamodeld */,
			);
			path = ImageLoaderDemo;
			sourceTree = "<group>";
		};
		8AE1BB8723C0D2E600B626AD /* ImageLoaderDemoTests */ = {
			isa = PBXGroup;
			children = (
				8AE1BB8823C0D2E600B626AD /* ImageLoaderDemoTests.swift */,
				8AE1BB8A23C0D2E600B626AD /* Info.plist */,
			);
			path = ImageLoaderDemoTests;
			sourceTree = "<group>";
		};
		8AE1BB9223C0D2E600B626AD /* ImageLoaderDemoUITests */ = {
			isa = PBXGroup;
			children = (
				8AE1BB9323C0D2E600B626AD /* ImageLoaderDemoUITests.swift */,
				8AE1BB9523C0D2E600B626AD /* Info.plist */,
			);
			path = ImageLoaderDemoUITests;
			sourceTree = "<group>";
		};
		8AE1BBA123C0D35C00B626AD /* Model */ = {
			isa = PBXGroup;
			children = (
				8AE1BBA923C0D71B00B626AD /* ImageLoaderModel.swift */,
			);
			path = Model;
			sourceTree = "<group>";
		};
		8AE1BBA223C0D36700B626AD /* ViewController */ = {
			isa = PBXGroup;
			children = (
				8AE1BB7223C0D2E300B626AD /* ImageLoaderViewController.swift */,
			);
			path = ViewController;
			sourceTree = "<group>";
		};
		8AE1BBA323C0D37700B626AD /* Presenter */ = {
			isa = PBXGroup;
			children = (
				8AE1BBA523C0D54100B626AD /* ImageLoaderPresenter.swift */,
			);
			path = Presenter;
			sourceTree = "<group>";
		};
		8AE1BBA423C0D4EE00B626AD /* Network */ = {
			isa = PBXGroup;
			children = (
				8AE1BBA723C0D6F500B626AD /* ImageLoaderNetworkRequest.swift */,
			);
			path = Network;
			sourceTree = "<group>";
		};
		8AE1BBB123C0DCA700B626AD /* ImageLoaderSDK */ = {
			isa = PBXGroup;
			children = (
				8AE1BBB223C0DCA700B626AD /* ImageLoaderSDK.h */,
				8AE1BBB323C0DCA700B626AD /* Info.plist */,
				8AE1BBCE23C0DCD000B626AD /* ImageLoaderSDK.swift */,
			);
			path = ImageLoaderSDK;
			sourceTree = "<group>";
		};
		8AE1BBBE23C0DCA700B626AD /* ImageLoaderSDKTests */ = {
			isa = PBXGroup;
			children = (
				8AE1BBBF23C0DCA800B626AD /* ImageLoaderSDKTests.swift */,
				8AE1BBC123C0DCA800B626AD /* Info.plist */,
			);
			path = ImageLoaderSDKTests;
			sourceTree = "<group>";
		};
		D56C864EC730D19D6D24B9B4 /* Frameworks */ = {
			isa = PBXGroup;
			children = (
				A1CCC4A55BBB2D2506F03963 /* Pods_ImageLoaderDemo.framework */,
				654BCA122203913DACD4B4B7 /* Pods_ImageLoaderDemo_ImageLoaderDemoUITests.framework */,
				74F89EB8835B8D6CBFF0D07A /* Pods_ImageLoaderDemoTests.framework */,
			);
			name = Frameworks;
			sourceTree = "<group>";
		};
/* End PBXGroup section */

/* Begin PBXHeadersBuildPhase section */
		8AE1BBAB23C0DCA600B626AD /* Headers */ = {
			isa = PBXHeadersBuildPhase;
			buildActionMask = 2147483647;
			files = (
				8AE1BBC223C0DCA800B626AD /* ImageLoaderSDK.h in Headers */,
			);
			runOnlyForDeploymentPostprocessing = 0;
		};
/* End PBXHeadersBuildPhase section */

/* Begin PBXNativeTarget section */
		8AE1BB6A23C0D2E300B626AD /* ImageLoaderDemo */ = {
			isa = PBXNativeTarget;
			buildConfigurationList = 8AE1BB9823C0D2E600B626AD /* Build configuration list for PBXNativeTarget "ImageLoaderDemo" */;
			buildPhases = (
				669C0785C6E9259A1FE77110 /* [CP] Check Pods Manifest.lock */,
				8AE1BB6723C0D2E300B626AD /* Sources */,
				8AE1BB6823C0D2E300B626AD /* Frameworks */,
				8AE1BB6923C0D2E300B626AD /* Resources */,
				D374F249A98A2B48AFBDDE85 /* [CP] Embed Pods Frameworks */,
				8AE1BBC723C0DCA800B626AD /* Embed Frameworks */,
			);
			buildRules = (
			);
			dependencies = (
				8AE1BBC423C0DCA800B626AD /* PBXTargetDependency */,
			);
			name = ImageLoaderDemo;
			productName = ImageLoaderDemo;
			productReference = 8AE1BB6B23C0D2E300B626AD /* ImageLoaderDemo.app */;
			productType = "com.apple.product-type.application";
		};
		8AE1BB8323C0D2E600B626AD /* ImageLoaderDemoTests */ = {
			isa = PBXNativeTarget;
			buildConfigurationList = 8AE1BB9B23C0D2E600B626AD /* Build configuration list for PBXNativeTarget "ImageLoaderDemoTests" */;
			buildPhases = (
				7EAAFEF34B2D5314761824D7 /* [CP] Check Pods Manifest.lock */,
				8AE1BB8023C0D2E600B626AD /* Sources */,
				8AE1BB8123C0D2E600B626AD /* Frameworks */,
				8AE1BB8223C0D2E600B626AD /* Resources */,
			);
			buildRules = (
			);
			dependencies = (
				8AE1BB8623C0D2E600B626AD /* PBXTargetDependency */,
			);
			name = ImageLoaderDemoTests;
			productName = ImageLoaderDemoTests;
			productReference = 8AE1BB8423C0D2E600B626AD /* ImageLoaderDemoTests.xctest */;
			productType = "com.apple.product-type.bundle.unit-test";
		};
		8AE1BB8E23C0D2E600B626AD /* ImageLoaderDemoUITests */ = {
			isa = PBXNativeTarget;
			buildConfigurationList = 8AE1BB9E23C0D2E600B626AD /* Build configuration list for PBXNativeTarget "ImageLoaderDemoUITests" */;
			buildPhases = (
				DF62E0D56EA88496EB244FCE /* [CP] Check Pods Manifest.lock */,
				8AE1BB8B23C0D2E600B626AD /* Sources */,
				8AE1BB8C23C0D2E600B626AD /* Frameworks */,
				8AE1BB8D23C0D2E600B626AD /* Resources */,
				C1D18DBEE25A359F0965E3E3 /* [CP] Embed Pods Frameworks */,
			);
			buildRules = (
			);
			dependencies = (
				8AE1BB9123C0D2E600B626AD /* PBXTargetDependency */,
			);
			name = ImageLoaderDemoUITests;
			productName = ImageLoaderDemoUITests;
			productReference = 8AE1BB8F23C0D2E600B626AD /* ImageLoaderDemoUITests.xctest */;
			productType = "com.apple.product-type.bundle.ui-testing";
		};
		8AE1BBAF23C0DCA600B626AD /* ImageLoaderSDK */ = {
			isa = PBXNativeTarget;
			buildConfigurationList = 8AE1BBCC23C0DCA800B626AD /* Build configuration list for PBXNativeTarget "ImageLoaderSDK" */;
			buildPhases = (
				8AE1BBAB23C0DCA600B626AD /* Headers */,
				8AE1BBAC23C0DCA600B626AD /* Sources */,
				8AE1BBAD23C0DCA600B626AD /* Frameworks */,
				8AE1BBAE23C0DCA600B626AD /* Resources */,
			);
			buildRules = (
			);
			dependencies = (
			);
			name = ImageLoaderSDK;
			productName = ImageLoaderSDK;
			productReference = 8AE1BBB023C0DCA600B626AD /* ImageLoaderSDK.framework */;
			productType = "com.apple.product-type.framework";
		};
		8AE1BBB723C0DCA700B626AD /* ImageLoaderSDKTests */ = {
			isa = PBXNativeTarget;
			buildConfigurationList = 8AE1BBCD23C0DCA800B626AD /* Build configuration list for PBXNativeTarget "ImageLoaderSDKTests" */;
			buildPhases = (
				8AE1BBB423C0DCA700B626AD /* Sources */,
				8AE1BBB523C0DCA700B626AD /* Frameworks */,
				8AE1BBB623C0DCA700B626AD /* Resources */,
			);
			buildRules = (
			);
			dependencies = (
				8AE1BBBB23C0DCA700B626AD /* PBXTargetDependency */,
				8AE1BBBD23C0DCA700B626AD /* PBXTargetDependency */,
			);
			name = ImageLoaderSDKTests;
			productName = ImageLoaderSDKTests;
			productReference = 8AE1BBB823C0DCA700B626AD /* ImageLoaderSDKTests.xctest */;
			productType = "com.apple.product-type.bundle.unit-test";
		};
/* End PBXNativeTarget section */

/* Begin PBXProject section */
		8AE1BB6323C0D2E300B626AD /* Project object */ = {
			isa = PBXProject;
			attributes = {
				LastSwiftUpdateCheck = 1130;
				LastUpgradeCheck = 1130;
				ORGANIZATIONNAME = Jeni;
				TargetAttributes = {
					8AE1BB6A23C0D2E300B626AD = {
						CreatedOnToolsVersion = 11.3;
					};
					8AE1BB8323C0D2E600B626AD = {
						CreatedOnToolsVersion = 11.3;
						TestTargetID = 8AE1BB6A23C0D2E300B626AD;
					};
					8AE1BB8E23C0D2E600B626AD = {
						CreatedOnToolsVersion = 11.3;
						TestTargetID = 8AE1BB6A23C0D2E300B626AD;
					};
					8AE1BBAF23C0DCA600B626AD = {
						CreatedOnToolsVersion = 11.3;
						LastSwiftMigration = 1130;
					};
					8AE1BBB723C0DCA700B626AD = {
						CreatedOnToolsVersion = 11.3;
						TestTargetID = 8AE1BB6A23C0D2E300B626AD;
					};
				};
			};
			buildConfigurationList = 8AE1BB6623C0D2E300B626AD /* Build configuration list for PBXProject "ImageLoaderDemo" */;
			compatibilityVersion = "Xcode 9.3";
			developmentRegion = en;
			hasScannedForEncodings = 0;
			knownRegions = (
				en,
				Base,
			);
			mainGroup = 8AE1BB6223C0D2E300B626AD;
			productRefGroup = 8AE1BB6C23C0D2E300B626AD /* Products */;
			projectDirPath = "";
			projectRoot = "";
			targets = (
				8AE1BB6A23C0D2E300B626AD /* ImageLoaderDemo */,
				8AE1BB8323C0D2E600B626AD /* ImageLoaderDemoTests */,
				8AE1BB8E23C0D2E600B626AD /* ImageLoaderDemoUITests */,
				8AE1BBAF23C0DCA600B626AD /* ImageLoaderSDK */,
				8AE1BBB723C0DCA700B626AD /* ImageLoaderSDKTests */,
			);
		};
/* End PBXProject section */

/* Begin PBXResourcesBuildPhase section */
		8AE1BB6923C0D2E300B626AD /* Resources */ = {
			isa = PBXResourcesBuildPhase;
			buildActionMask = 2147483647;
			files = (
				8AE1BB7E23C0D2E600B626AD /* LaunchScreen.storyboard in Resources */,
				8AE1BB7B23C0D2E600B626AD /* Assets.xcassets in Resources */,
				8AE1BB7623C0D2E300B626AD /* Main.storyboard in Resources */,
			);
			runOnlyForDeploymentPostprocessing = 0;
		};
		8AE1BB8223C0D2E600B626AD /* Resources */ = {
			isa = PBXResourcesBuildPhase;
			buildActionMask = 2147483647;
			files = (
			);
			runOnlyForDeploymentPostprocessing = 0;
		};
		8AE1BB8D23C0D2E600B626AD /* Resources */ = {
			isa = PBXResourcesBuildPhase;
			buildActionMask = 2147483647;
			files = (
			);
			runOnlyForDeploymentPostprocessing = 0;
		};
		8AE1BBAE23C0DCA600B626AD /* Resources */ = {
			isa = PBXResourcesBuildPhase;
			buildActionMask = 2147483647;
			files = (
			);
			runOnlyForDeploymentPostprocessing = 0;
		};
		8AE1BBB623C0DCA700B626AD /* Resources */ = {
			isa = PBXResourcesBuildPhase;
			buildActionMask = 2147483647;
			files = (
			);
			runOnlyForDeploymentPostprocessing = 0;
		};
/* End PBXResourcesBuildPhase section */

/* Begin PBXShellScriptBuildPhase section */
		669C0785C6E9259A1FE77110 /* [CP] Check Pods Manifest.lock */ = {
			isa = PBXShellScriptBuildPhase;
			buildActionMask = 2147483647;
			files = (
			);
			inputFileListPaths = (
			);
			inputPaths = (
				"${PODS_PODFILE_DIR_PATH}/Podfile.lock",
				"${PODS_ROOT}/Manifest.lock",
			);
			name = "[CP] Check Pods Manifest.lock";
			outputFileListPaths = (
			);
			outputPaths = (
				"$(DERIVED_FILE_DIR)/Pods-ImageLoaderDemo-checkManifestLockResult.txt",
			);
			runOnlyForDeploymentPostprocessing = 0;
			shellPath = /bin/sh;
			shellScript = "diff \"${PODS_PODFILE_DIR_PATH}/Podfile.lock\" \"${PODS_ROOT}/Manifest.lock\" > /dev/null\nif [ $? != 0 ] ; then\n    # print error to STDERR\n    echo \"error: The sandbox is not in sync with the Podfile.lock. Run 'pod install' or update your CocoaPods installation.\" >&2\n    exit 1\nfi\n# This output is used by Xcode 'outputs' to avoid re-running this script phase.\necho \"SUCCESS\" > \"${SCRIPT_OUTPUT_FILE_0}\"\n";
			showEnvVarsInLog = 0;
		};
		7EAAFEF34B2D5314761824D7 /* [CP] Check Pods Manifest.lock */ = {
			isa = PBXShellScriptBuildPhase;
			buildActionMask = 2147483647;
			files = (
			);
			inputFileListPaths = (
			);
			inputPaths = (
				"${PODS_PODFILE_DIR_PATH}/Podfile.lock",
				"${PODS_ROOT}/Manifest.lock",
			);
			name = "[CP] Check Pods Manifest.lock";
			outputFileListPaths = (
			);
			outputPaths = (
				"$(DERIVED_FILE_DIR)/Pods-ImageLoaderDemoTests-checkManifestLockResult.txt",
			);
			runOnlyForDeploymentPostprocessing = 0;
			shellPath = /bin/sh;
			shellScript = "diff \"${PODS_PODFILE_DIR_PATH}/Podfile.lock\" \"${PODS_ROOT}/Manifest.lock\" > /dev/null\nif [ $? != 0 ] ; then\n    # print error to STDERR\n    echo \"error: The sandbox is not in sync with the Podfile.lock. Run 'pod install' or update your CocoaPods installation.\" >&2\n    exit 1\nfi\n# This output is used by Xcode 'outputs' to avoid re-running this script phase.\necho \"SUCCESS\" > \"${SCRIPT_OUTPUT_FILE_0}\"\n";
			showEnvVarsInLog = 0;
		};
		C1D18DBEE25A359F0965E3E3 /* [CP] Embed Pods Frameworks */ = {
			isa = PBXShellScriptBuildPhase;
			buildActionMask = 2147483647;
			files = (
			);
			inputFileListPaths = (
				"${PODS_ROOT}/Target Support Files/Pods-ImageLoaderDemo-ImageLoaderDemoUITests/Pods-ImageLoaderDemo-ImageLoaderDemoUITests-frameworks-${CONFIGURATION}-input-files.xcfilelist",
			);
			name = "[CP] Embed Pods Frameworks";
			outputFileListPaths = (
				"${PODS_ROOT}/Target Support Files/Pods-ImageLoaderDemo-ImageLoaderDemoUITests/Pods-ImageLoaderDemo-ImageLoaderDemoUITests-frameworks-${CONFIGURATION}-output-files.xcfilelist",
			);
			runOnlyForDeploymentPostprocessing = 0;
			shellPath = /bin/sh;
			shellScript = "\"${PODS_ROOT}/Target Support Files/Pods-ImageLoaderDemo-ImageLoaderDemoUITests/Pods-ImageLoaderDemo-ImageLoaderDemoUITests-frameworks.sh\"\n";
			showEnvVarsInLog = 0;
		};
		D374F249A98A2B48AFBDDE85 /* [CP] Embed Pods Frameworks */ = {
			isa = PBXShellScriptBuildPhase;
			buildActionMask = 2147483647;
			files = (
			);
			inputFileListPaths = (
				"${PODS_ROOT}/Target Support Files/Pods-ImageLoaderDemo/Pods-ImageLoaderDemo-frameworks-${CONFIGURATION}-input-files.xcfilelist",
			);
			name = "[CP] Embed Pods Frameworks";
			outputFileListPaths = (
				"${PODS_ROOT}/Target Support Files/Pods-ImageLoaderDemo/Pods-ImageLoaderDemo-frameworks-${CONFIGURATION}-output-files.xcfilelist",
			);
			runOnlyForDeploymentPostprocessing = 0;
			shellPath = /bin/sh;
			shellScript = "\"${PODS_ROOT}/Target Support Files/Pods-ImageLoaderDemo/Pods-ImageLoaderDemo-frameworks.sh\"\n";
			showEnvVarsInLog = 0;
		};
		DF62E0D56EA88496EB244FCE /* [CP] Check Pods Manifest.lock */ = {
			isa = PBXShellScriptBuildPhase;
			buildActionMask = 2147483647;
			files = (
			);
			inputFileListPaths = (
			);
			inputPaths = (
				"${PODS_PODFILE_DIR_PATH}/Podfile.lock",
				"${PODS_ROOT}/Manifest.lock",
			);
			name = "[CP] Check Pods Manifest.lock";
			outputFileListPaths = (
			);
			outputPaths = (
				"$(DERIVED_FILE_DIR)/Pods-ImageLoaderDemo-ImageLoaderDemoUITests-checkManifestLockResult.txt",
			);
			runOnlyForDeploymentPostprocessing = 0;
			shellPath = /bin/sh;
			shellScript = "diff \"${PODS_PODFILE_DIR_PATH}/Podfile.lock\" \"${PODS_ROOT}/Manifest.lock\" > /dev/null\nif [ $? != 0 ] ; then\n    # print error to STDERR\n    echo \"error: The sandbox is not in sync with the Podfile.lock. Run 'pod install' or update your CocoaPods installation.\" >&2\n    exit 1\nfi\n# This output is used by Xcode 'outputs' to avoid re-running this script phase.\necho \"SUCCESS\" > \"${SCRIPT_OUTPUT_FILE_0}\"\n";
			showEnvVarsInLog = 0;
		};
/* End PBXShellScriptBuildPhase section */

/* Begin PBXSourcesBuildPhase section */
		8AE1BB6723C0D2E300B626AD /* Sources */ = {
			isa = PBXSourcesBuildPhase;
			buildActionMask = 2147483647;
			files = (
				8AE1BBAA23C0D71B00B626AD /* ImageLoaderModel.swift in Sources */,
				8AE1BB7323C0D2E300B626AD /* ImageLoaderViewController.swift in Sources */,
				8AE1BBA623C0D54100B626AD /* ImageLoaderPresenter.swift in Sources */,
				8AE1BB6F23C0D2E300B626AD /* AppDelegate.swift in Sources */,
				8AE1BBA823C0D6F500B626AD /* ImageLoaderNetworkRequest.swift in Sources */,
				8AE1BB7123C0D2E300B626AD /* SceneDelegate.swift in Sources */,
				8AE1BB7923C0D2E300B626AD /* ImageLoaderDemo.xcdatamodeld in Sources */,
			);
			runOnlyForDeploymentPostprocessing = 0;
		};
		8AE1BB8023C0D2E600B626AD /* Sources */ = {
			isa = PBXSourcesBuildPhase;
			buildActionMask = 2147483647;
			files = (
				8AE1BB8923C0D2E600B626AD /* ImageLoaderDemoTests.swift in Sources */,
			);
			runOnlyForDeploymentPostprocessing = 0;
		};
		8AE1BB8B23C0D2E600B626AD /* Sources */ = {
			isa = PBXSourcesBuildPhase;
			buildActionMask = 2147483647;
			files = (
				8AE1BB9423C0D2E600B626AD /* ImageLoaderDemoUITests.swift in Sources */,
			);
			runOnlyForDeploymentPostprocessing = 0;
		};
		8AE1BBAC23C0DCA600B626AD /* Sources */ = {
			isa = PBXSourcesBuildPhase;
			buildActionMask = 2147483647;
			files = (
				8AE1BBCF23C0DCD000B626AD /* ImageLoaderSDK.swift in Sources */,
			);
			runOnlyForDeploymentPostprocessing = 0;
		};
		8AE1BBB423C0DCA700B626AD /* Sources */ = {
			isa = PBXSourcesBuildPhase;
			buildActionMask = 2147483647;
			files = (
				8AE1BBC023C0DCA800B626AD /* ImageLoaderSDKTests.swift in Sources */,
			);
			runOnlyForDeploymentPostprocessing = 0;
		};
/* End PBXSourcesBuildPhase section */

/* Begin PBXTargetDependency section */
		8AE1BB8623C0D2E600B626AD /* PBXTargetDependency */ = {
			isa = PBXTargetDependency;
			target = 8AE1BB6A23C0D2E300B626AD /* ImageLoaderDemo */;
			targetProxy = 8AE1BB8523C0D2E600B626AD /* PBXContainerItemProxy */;
		};
		8AE1BB9123C0D2E600B626AD /* PBXTargetDependency */ = {
			isa = PBXTargetDependency;
			target = 8AE1BB6A23C0D2E300B626AD /* ImageLoaderDemo */;
			targetProxy = 8AE1BB9023C0D2E600B626AD /* PBXContainerItemProxy */;
		};
		8AE1BBBB23C0DCA700B626AD /* PBXTargetDependency */ = {
			isa = PBXTargetDependency;
			target = 8AE1BBAF23C0DCA600B626AD /* ImageLoaderSDK */;
			targetProxy = 8AE1BBBA23C0DCA700B626AD /* PBXContainerItemProxy */;
		};
		8AE1BBBD23C0DCA700B626AD /* PBXTargetDependency */ = {
			isa = PBXTargetDependency;
			target = 8AE1BB6A23C0D2E300B626AD /* ImageLoaderDemo */;
			targetProxy = 8AE1BBBC23C0DCA700B626AD /* PBXContainerItemProxy */;
		};
		8AE1BBC423C0DCA800B626AD /* PBXTargetDependency */ = {
			isa = PBXTargetDependency;
			target = 8AE1BBAF23C0DCA600B626AD /* ImageLoaderSDK */;
			targetProxy = 8AE1BBC323C0DCA800B626AD /* PBXContainerItemProxy */;
		};
/* End PBXTargetDependency section */

/* Begin PBXVariantGroup section */
		8AE1BB7423C0D2E300B626AD /* Main.storyboard */ = {
			isa = PBXVariantGroup;
			children = (
				8AE1BB7523C0D2E300B626AD /* Base */,
			);
			name = Main.storyboard;
			sourceTree = "<group>";
		};
		8AE1BB7C23C0D2E600B626AD /* LaunchScreen.storyboard */ = {
			isa = PBXVariantGroup;
			children = (
				8AE1BB7D23C0D2E600B626AD /* Base */,
			);
			name = LaunchScreen.storyboard;
			sourceTree = "<group>";
		};
/* End PBXVariantGroup section */

/* Begin XCBuildConfiguration section */
		8AE1BB9623C0D2E600B626AD /* Debug */ = {
			isa = XCBuildConfiguration;
			buildSettings = {
				ALWAYS_SEARCH_USER_PATHS = NO;
				CLANG_ANALYZER_NONNULL = YES;
				CLANG_ANALYZER_NUMBER_OBJECT_CONVERSION = YES_AGGRESSIVE;
				CLANG_CXX_LANGUAGE_STANDARD = "gnu++14";
				CLANG_CXX_LIBRARY = "libc++";
				CLANG_ENABLE_MODULES = YES;
				CLANG_ENABLE_OBJC_ARC = YES;
				CLANG_ENABLE_OBJC_WEAK = YES;
				CLANG_WARN_BLOCK_CAPTURE_AUTORELEASING = YES;
				CLANG_WARN_BOOL_CONVERSION = YES;
				CLANG_WARN_COMMA = YES;
				CLANG_WARN_CONSTANT_CONVERSION = YES;
				CLANG_WARN_DEPRECATED_OBJC_IMPLEMENTATIONS = YES;
				CLANG_WARN_DIRECT_OBJC_ISA_USAGE = YES_ERROR;
				CLANG_WARN_DOCUMENTATION_COMMENTS = YES;
				CLANG_WARN_EMPTY_BODY = YES;
				CLANG_WARN_ENUM_CONVERSION = YES;
				CLANG_WARN_INFINITE_RECURSION = YES;
				CLANG_WARN_INT_CONVERSION = YES;
				CLANG_WARN_NON_LITERAL_NULL_CONVERSION = YES;
				CLANG_WARN_OBJC_IMPLICIT_RETAIN_SELF = YES;
				CLANG_WARN_OBJC_LITERAL_CONVERSION = YES;
				CLANG_WARN_OBJC_ROOT_CLASS = YES_ERROR;
				CLANG_WARN_RANGE_LOOP_ANALYSIS = YES;
				CLANG_WARN_STRICT_PROTOTYPES = YES;
				CLANG_WARN_SUSPICIOUS_MOVE = YES;
				CLANG_WARN_UNGUARDED_AVAILABILITY = YES_AGGRESSIVE;
				CLANG_WARN_UNREACHABLE_CODE = YES;
				CLANG_WARN__DUPLICATE_METHOD_MATCH = YES;
				COPY_PHASE_STRIP = NO;
				DEBUG_INFORMATION_FORMAT = dwarf;
				ENABLE_STRICT_OBJC_MSGSEND = YES;
				ENABLE_TESTABILITY = YES;
				GCC_C_LANGUAGE_STANDARD = gnu11;
				GCC_DYNAMIC_NO_PIC = NO;
				GCC_NO_COMMON_BLOCKS = YES;
				GCC_OPTIMIZATION_LEVEL = 0;
				GCC_PREPROCESSOR_DEFINITIONS = (
					"DEBUG=1",
					"$(inherited)",
				);
				GCC_WARN_64_TO_32_BIT_CONVERSION = YES;
				GCC_WARN_ABOUT_RETURN_TYPE = YES_ERROR;
				GCC_WARN_UNDECLARED_SELECTOR = YES;
				GCC_WARN_UNINITIALIZED_AUTOS = YES_AGGRESSIVE;
				GCC_WARN_UNUSED_FUNCTION = YES;
				GCC_WARN_UNUSED_VARIABLE = YES;
				IPHONEOS_DEPLOYMENT_TARGET = 13.2;
				MTL_ENABLE_DEBUG_INFO = INCLUDE_SOURCE;
				MTL_FAST_MATH = YES;
				ONLY_ACTIVE_ARCH = YES;
				SDKROOT = iphoneos;
				SWIFT_ACTIVE_COMPILATION_CONDITIONS = DEBUG;
				SWIFT_OPTIMIZATION_LEVEL = "-Onone";
			};
			name = Debug;
		};
		8AE1BB9723C0D2E600B626AD /* Release */ = {
			isa = XCBuildConfiguration;
			buildSettings = {
				ALWAYS_SEARCH_USER_PATHS = NO;
				CLANG_ANALYZER_NONNULL = YES;
				CLANG_ANALYZER_NUMBER_OBJECT_CONVERSION = YES_AGGRESSIVE;
				CLANG_CXX_LANGUAGE_STANDARD = "gnu++14";
				CLANG_CXX_LIBRARY = "libc++";
				CLANG_ENABLE_MODULES = YES;
				CLANG_ENABLE_OBJC_ARC = YES;
				CLANG_ENABLE_OBJC_WEAK = YES;
				CLANG_WARN_BLOCK_CAPTURE_AUTORELEASING = YES;
				CLANG_WARN_BOOL_CONVERSION = YES;
				CLANG_WARN_COMMA = YES;
				CLANG_WARN_CONSTANT_CONVERSION = YES;
				CLANG_WARN_DEPRECATED_OBJC_IMPLEMENTATIONS = YES;
				CLANG_WARN_DIRECT_OBJC_ISA_USAGE = YES_ERROR;
				CLANG_WARN_DOCUMENTATION_COMMENTS = YES;
				CLANG_WARN_EMPTY_BODY = YES;
				CLANG_WARN_ENUM_CONVERSION = YES;
				CLANG_WARN_INFINITE_RECURSION = YES;
				CLANG_WARN_INT_CONVERSION = YES;
				CLANG_WARN_NON_LITERAL_NULL_CONVERSION = YES;
				CLANG_WARN_OBJC_IMPLICIT_RETAIN_SELF = YES;
				CLANG_WARN_OBJC_LITERAL_CONVERSION = YES;
				CLANG_WARN_OBJC_ROOT_CLASS = YES_ERROR;
				CLANG_WARN_RANGE_LOOP_ANALYSIS = YES;
				CLANG_WARN_STRICT_PROTOTYPES = YES;
				CLANG_WARN_SUSPICIOUS_MOVE = YES;
				CLANG_WARN_UNGUARDED_AVAILABILITY = YES_AGGRESSIVE;
				CLANG_WARN_UNREACHABLE_CODE = YES;
				CLANG_WARN__DUPLICATE_METHOD_MATCH = YES;
				COPY_PHASE_STRIP = NO;
				DEBUG_INFORMATION_FORMAT = "dwarf-with-dsym";
				ENABLE_NS_ASSERTIONS = NO;
				ENABLE_STRICT_OBJC_MSGSEND = YES;
				GCC_C_LANGUAGE_STANDARD = gnu11;
				GCC_NO_COMMON_BLOCKS = YES;
				GCC_WARN_64_TO_32_BIT_CONVERSION = YES;
				GCC_WARN_ABOUT_RETURN_TYPE = YES_ERROR;
				GCC_WARN_UNDECLARED_SELECTOR = YES;
				GCC_WARN_UNINITIALIZED_AUTOS = YES_AGGRESSIVE;
				GCC_WARN_UNUSED_FUNCTION = YES;
				GCC_WARN_UNUSED_VARIABLE = YES;
				IPHONEOS_DEPLOYMENT_TARGET = 13.2;
				MTL_ENABLE_DEBUG_INFO = NO;
				MTL_FAST_MATH = YES;
				SDKROOT = iphoneos;
				SWIFT_COMPILATION_MODE = wholemodule;
				SWIFT_OPTIMIZATION_LEVEL = "-O";
				VALIDATE_PRODUCT = YES;
			};
			name = Release;
		};
		8AE1BB9923C0D2E600B626AD /* Debug */ = {
			isa = XCBuildConfiguration;
			baseConfigurationReference = 2FF4C9E38854B210B6F0EE82 /* Pods-ImageLoaderDemo.debug.xcconfig */;
			buildSettings = {
				ALWAYS_EMBED_SWIFT_STANDARD_LIBRARIES = YES;
				ASSETCATALOG_COMPILER_APPICON_NAME = AppIcon;
				CODE_SIGN_STYLE = Automatic;
				DEVELOPMENT_TEAM = 5EJY428Q7J;
				INFOPLIST_FILE = ImageLoaderDemo/Info.plist;
				LD_RUNPATH_SEARCH_PATHS = (
					"$(inherited)",
					"@executable_path/Frameworks",
				);
				PRODUCT_BUNDLE_IDENTIFIER = com.jdk.ImageLoaderDemo;
				PRODUCT_NAME = "$(TARGET_NAME)";
				SWIFT_VERSION = 5.0;
				TARGETED_DEVICE_FAMILY = "1,2";
			};
			name = Debug;
		};
		8AE1BB9A23C0D2E600B626AD /* Release */ = {
			isa = XCBuildConfiguration;
			baseConfigurationReference = BF4A0612030B40CAF45D3912 /* Pods-ImageLoaderDemo.release.xcconfig */;
			buildSettings = {
				ALWAYS_EMBED_SWIFT_STANDARD_LIBRARIES = YES;
				ASSETCATALOG_COMPILER_APPICON_NAME = AppIcon;
				CODE_SIGN_STYLE = Automatic;
				DEVELOPMENT_TEAM = 5EJY428Q7J;
				INFOPLIST_FILE = ImageLoaderDemo/Info.plist;
				LD_RUNPATH_SEARCH_PATHS = (
					"$(inherited)",
					"@executable_path/Frameworks",
				);
				PRODUCT_BUNDLE_IDENTIFIER = com.jdk.ImageLoaderDemo;
				PRODUCT_NAME = "$(TARGET_NAME)";
				SWIFT_VERSION = 5.0;
				TARGETED_DEVICE_FAMILY = "1,2";
			};
			name = Release;
		};
		8AE1BB9C23C0D2E600B626AD /* Debug */ = {
			isa = XCBuildConfiguration;
			baseConfigurationReference = 88E646BCE2639743FCA08467 /* Pods-ImageLoaderDemoTests.debug.xcconfig */;
			buildSettings = {
				ALWAYS_EMBED_SWIFT_STANDARD_LIBRARIES = YES;
				BUNDLE_LOADER = "$(TEST_HOST)";
				CODE_SIGN_STYLE = Automatic;
				DEVELOPMENT_TEAM = 5EJY428Q7J;
				INFOPLIST_FILE = ImageLoaderDemoTests/Info.plist;
				IPHONEOS_DEPLOYMENT_TARGET = 13.2;
				LD_RUNPATH_SEARCH_PATHS = (
					"$(inherited)",
					"@executable_path/Frameworks",
					"@loader_path/Frameworks",
				);
				PRODUCT_BUNDLE_IDENTIFIER = com.jdk.ImageLoaderDemoTests;
				PRODUCT_NAME = "$(TARGET_NAME)";
				SWIFT_VERSION = 5.0;
				TARGETED_DEVICE_FAMILY = "1,2";
				TEST_HOST = "$(BUILT_PRODUCTS_DIR)/ImageLoaderDemo.app/ImageLoaderDemo";
			};
			name = Debug;
		};
		8AE1BB9D23C0D2E600B626AD /* Release */ = {
			isa = XCBuildConfiguration;
			baseConfigurationReference = D01352562FDE0F2D2EDD36B6 /* Pods-ImageLoaderDemoTests.release.xcconfig */;
			buildSettings = {
				ALWAYS_EMBED_SWIFT_STANDARD_LIBRARIES = YES;
				BUNDLE_LOADER = "$(TEST_HOST)";
				CODE_SIGN_STYLE = Automatic;
				DEVELOPMENT_TEAM = 5EJY428Q7J;
				INFOPLIST_FILE = ImageLoaderDemoTests/Info.plist;
				IPHONEOS_DEPLOYMENT_TARGET = 13.2;
				LD_RUNPATH_SEARCH_PATHS = (
					"$(inherited)",
					"@executable_path/Frameworks",
					"@loader_path/Frameworks",
				);
				PRODUCT_BUNDLE_IDENTIFIER = com.jdk.ImageLoaderDemoTests;
				PRODUCT_NAME = "$(TARGET_NAME)";
				SWIFT_VERSION = 5.0;
				TARGETED_DEVICE_FAMILY = "1,2";
				TEST_HOST = "$(BUILT_PRODUCTS_DIR)/ImageLoaderDemo.app/ImageLoaderDemo";
			};
			name = Release;
		};
		8AE1BB9F23C0D2E600B626AD /* Debug */ = {
			isa = XCBuildConfiguration;
			baseConfigurationReference = 2BCAA7EE715A5162B7B2BA35 /* Pods-ImageLoaderDemo-ImageLoaderDemoUITests.debug.xcconfig */;
			buildSettings = {
				ALWAYS_EMBED_SWIFT_STANDARD_LIBRARIES = YES;
				CODE_SIGN_STYLE = Automatic;
				DEVELOPMENT_TEAM = 5EJY428Q7J;
				INFOPLIST_FILE = ImageLoaderDemoUITests/Info.plist;
				LD_RUNPATH_SEARCH_PATHS = (
					"$(inherited)",
					"@executable_path/Frameworks",
					"@loader_path/Frameworks",
				);
				PRODUCT_BUNDLE_IDENTIFIER = com.jdk.ImageLoaderDemoUITests;
				PRODUCT_NAME = "$(TARGET_NAME)";
				SWIFT_VERSION = 5.0;
				TARGETED_DEVICE_FAMILY = "1,2";
				TEST_TARGET_NAME = ImageLoaderDemo;
			};
			name = Debug;
		};
		8AE1BBA023C0D2E600B626AD /* Release */ = {
			isa = XCBuildConfiguration;
			baseConfigurationReference = 288F253016F185243538EA0C /* Pods-ImageLoaderDemo-ImageLoaderDemoUITests.release.xcconfig */;
			buildSettings = {
				ALWAYS_EMBED_SWIFT_STANDARD_LIBRARIES = YES;
				CODE_SIGN_STYLE = Automatic;
				DEVELOPMENT_TEAM = 5EJY428Q7J;
				INFOPLIST_FILE = ImageLoaderDemoUITests/Info.plist;
				LD_RUNPATH_SEARCH_PATHS = (
					"$(inherited)",
					"@executable_path/Frameworks",
					"@loader_path/Frameworks",
				);
				PRODUCT_BUNDLE_IDENTIFIER = com.jdk.ImageLoaderDemoUITests;
				PRODUCT_NAME = "$(TARGET_NAME)";
				SWIFT_VERSION = 5.0;
				TARGETED_DEVICE_FAMILY = "1,2";
				TEST_TARGET_NAME = ImageLoaderDemo;
			};
			name = Release;
		};
		8AE1BBC823C0DCA800B626AD /* Debug */ = {
			isa = XCBuildConfiguration;
			buildSettings = {
				CLANG_ENABLE_MODULES = YES;
				CODE_SIGN_STYLE = Automatic;
				CURRENT_PROJECT_VERSION = 1;
				DEFINES_MODULE = YES;
				DEVELOPMENT_TEAM = 5EJY428Q7J;
				DYLIB_COMPATIBILITY_VERSION = 1;
				DYLIB_CURRENT_VERSION = 1;
				DYLIB_INSTALL_NAME_BASE = "@rpath";
				INFOPLIST_FILE = ImageLoaderSDK/Info.plist;
				INSTALL_PATH = "$(LOCAL_LIBRARY_DIR)/Frameworks";
				LD_RUNPATH_SEARCH_PATHS = (
					"$(inherited)",
					"@executable_path/Frameworks",
					"@loader_path/Frameworks",
				);
				PRODUCT_BUNDLE_IDENTIFIER = com.jdk.ImageLoaderSDK;
				PRODUCT_NAME = "$(TARGET_NAME:c99extidentifier)";
				SKIP_INSTALL = YES;
				SWIFT_OPTIMIZATION_LEVEL = "-Onone";
				SWIFT_VERSION = 5.0;
				TARGETED_DEVICE_FAMILY = "1,2";
				VERSIONING_SYSTEM = "apple-generic";
				VERSION_INFO_PREFIX = "";
			};
			name = Debug;
		};
		8AE1BBC923C0DCA800B626AD /* Release */ = {
			isa = XCBuildConfiguration;
			buildSettings = {
				CLANG_ENABLE_MODULES = YES;
				CODE_SIGN_STYLE = Automatic;
				CURRENT_PROJECT_VERSION = 1;
				DEFINES_MODULE = YES;
				DEVELOPMENT_TEAM = 5EJY428Q7J;
				DYLIB_COMPATIBILITY_VERSION = 1;
				DYLIB_CURRENT_VERSION = 1;
				DYLIB_INSTALL_NAME_BASE = "@rpath";
				INFOPLIST_FILE = ImageLoaderSDK/Info.plist;
				INSTALL_PATH = "$(LOCAL_LIBRARY_DIR)/Frameworks";
				LD_RUNPATH_SEARCH_PATHS = (
					"$(inherited)",
					"@executable_path/Frameworks",
					"@loader_path/Frameworks",
				);
				PRODUCT_BUNDLE_IDENTIFIER = com.jdk.ImageLoaderSDK;
				PRODUCT_NAME = "$(TARGET_NAME:c99extidentifier)";
				SKIP_INSTALL = YES;
				SWIFT_VERSION = 5.0;
				TARGETED_DEVICE_FAMILY = "1,2";
				VERSIONING_SYSTEM = "apple-generic";
				VERSION_INFO_PREFIX = "";
			};
			name = Release;
		};
		8AE1BBCA23C0DCA800B626AD /* Debug */ = {
			isa = XCBuildConfiguration;
			buildSettings = {
				ALWAYS_EMBED_SWIFT_STANDARD_LIBRARIES = YES;
				CODE_SIGN_STYLE = Automatic;
				DEVELOPMENT_TEAM = 5EJY428Q7J;
				INFOPLIST_FILE = ImageLoaderSDKTests/Info.plist;
				LD_RUNPATH_SEARCH_PATHS = (
					"$(inherited)",
					"@executable_path/Frameworks",
					"@loader_path/Frameworks",
				);
				PRODUCT_BUNDLE_IDENTIFIER = com.jdk.ImageLoaderSDKTests;
				PRODUCT_NAME = "$(TARGET_NAME)";
				SWIFT_VERSION = 5.0;
				TARGETED_DEVICE_FAMILY = "1,2";
				TEST_HOST = "$(BUILT_PRODUCTS_DIR)/ImageLoaderDemo.app/ImageLoaderDemo";
			};
			name = Debug;
		};
		8AE1BBCB23C0DCA800B626AD /* Release */ = {
			isa = XCBuildConfiguration;
			buildSettings = {
				ALWAYS_EMBED_SWIFT_STANDARD_LIBRARIES = YES;
				CODE_SIGN_STYLE = Automatic;
				DEVELOPMENT_TEAM = 5EJY428Q7J;
				INFOPLIST_FILE = ImageLoaderSDKTests/Info.plist;
				LD_RUNPATH_SEARCH_PATHS = (
					"$(inherited)",
					"@executable_path/Frameworks",
					"@loader_path/Frameworks",
				);
				PRODUCT_BUNDLE_IDENTIFIER = com.jdk.ImageLoaderSDKTests;
				PRODUCT_NAME = "$(TARGET_NAME)";
				SWIFT_VERSION = 5.0;
				TARGETED_DEVICE_FAMILY = "1,2";
				TEST_HOST = "$(BUILT_PRODUCTS_DIR)/ImageLoaderDemo.app/ImageLoaderDemo";
			};
			name = Release;
		};
/* End XCBuildConfiguration section */

/* Begin XCConfigurationList section */
		8AE1BB6623C0D2E300B626AD /* Build configuration list for PBXProject "ImageLoaderDemo" */ = {
			isa = XCConfigurationList;
			buildConfigurations = (
				8AE1BB9623C0D2E600B626AD /* Debug */,
				8AE1BB9723C0D2E600B626AD /* Release */,
			);
			defaultConfigurationIsVisible = 0;
			defaultConfigurationName = Release;
		};
		8AE1BB9823C0D2E600B626AD /* Build configuration list for PBXNativeTarget "ImageLoaderDemo" */ = {
			isa = XCConfigurationList;
			buildConfigurations = (
				8AE1BB9923C0D2E600B626AD /* Debug */,
				8AE1BB9A23C0D2E600B626AD /* Release */,
			);
			defaultConfigurationIsVisible = 0;
			defaultConfigurationName = Release;
		};
		8AE1BB9B23C0D2E600B626AD /* Build configuration list for PBXNativeTarget "ImageLoaderDemoTests" */ = {
			isa = XCConfigurationList;
			buildConfigurations = (
				8AE1BB9C23C0D2E600B626AD /* Debug */,
				8AE1BB9D23C0D2E600B626AD /* Release */,
			);
			defaultConfigurationIsVisible = 0;
			defaultConfigurationName = Release;
		};
		8AE1BB9E23C0D2E600B626AD /* Build configuration list for PBXNativeTarget "ImageLoaderDemoUITests" */ = {
			isa = XCConfigurationList;
			buildConfigurations = (
				8AE1BB9F23C0D2E600B626AD /* Debug */,
				8AE1BBA023C0D2E600B626AD /* Release */,
			);
			defaultConfigurationIsVisible = 0;
			defaultConfigurationName = Release;
		};
		8AE1BBCC23C0DCA800B626AD /* Build configuration list for PBXNativeTarget "ImageLoaderSDK" */ = {
			isa = XCConfigurationList;
			buildConfigurations = (
				8AE1BBC823C0DCA800B626AD /* Debug */,
				8AE1BBC923C0DCA800B626AD /* Release */,
			);
			defaultConfigurationIsVisible = 0;
			defaultConfigurationName = Release;
		};
		8AE1BBCD23C0DCA800B626AD /* Build configuration list for PBXNativeTarget "ImageLoaderSDKTests" */ = {
			isa = XCConfigurationList;
			buildConfigurations = (
				8AE1BBCA23C0DCA800B626AD /* Debug */,
				8AE1BBCB23C0DCA800B626AD /* Release */,
			);
			defaultConfigurationIsVisible = 0;
			defaultConfigurationName = Release;
		};
/* End XCConfigurationList section */

/* Begin XCVersionGroup section */
		8AE1BB7723C0D2E300B626AD /* ImageLoaderDemo.xcdatamodeld */ = {
			isa = XCVersionGroup;
			children = (
				8AE1BB7823C0D2E300B626AD /* ImageLoaderDemo.xcdatamodel */,
			);
			currentVersion = 8AE1BB7823C0D2E300B626AD /* ImageLoaderDemo.xcdatamodel */;
			path = ImageLoaderDemo.xcdatamodeld;
			sourceTree = "<group>";
			versionGroupType = wrapper.xcdatamodel;
		};
/* End XCVersionGroup section */
	};
	rootObject = 8AE1BB6323C0D2E300B626AD /* Project object */;
}
